// !$*UTF8*$!
{
	archiveVersion = 1;
	classes = {
	};
	objectVersion = 56;
	objects = {

/* Begin PBXBuildFile section */
		32A0962C2CD4ACBF00E8F98A /* note.txt in Resources */ = {isa = PBXBuildFile; fileRef = 32A0962B2CD4ACBF00E8F98A /* note.txt */; };
		32A0962E2CD4D35D00E8F98A /* Demo.swift in Sources */ = {isa = PBXBuildFile; fileRef = 32A0962D2CD4D35D00E8F98A /* Demo.swift */; };
		32D9DD822CD304FA0041E692 /* AppDelegate.swift in Sources */ = {isa = PBXBuildFile; fileRef = 32D9DD812CD304FA0041E692 /* AppDelegate.swift */; };
		32D9DD842CD304FA0041E692 /* SceneDelegate.swift in Sources */ = {isa = PBXBuildFile; fileRef = 32D9DD832CD304FA0041E692 /* SceneDelegate.swift */; };
		32D9DD862CD304FA0041E692 /* ViewController.swift in Sources */ = {isa = PBXBuildFile; fileRef = 32D9DD852CD304FA0041E692 /* ViewController.swift */; };
		32D9DD892CD304FA0041E692 /* Main.storyboard in Resources */ = {isa = PBXBuildFile; fileRef = 32D9DD872CD304FA0041E692 /* Main.storyboard */; };
		32D9DD8B2CD304FB0041E692 /* Assets.xcassets in Resources */ = {isa = PBXBuildFile; fileRef = 32D9DD8A2CD304FB0041E692 /* Assets.xcassets */; };
		32D9DD8E2CD304FB0041E692 /* LaunchScreen.storyboard in Resources */ = {isa = PBXBuildFile; fileRef = 32D9DD8C2CD304FB0041E692 /* LaunchScreen.storyboard */; };
		32D9DD972CD306760041E692 /* SwiftyJSON in Frameworks */ = {isa = PBXBuildFile; productRef = 32D9DD962CD306760041E692 /* SwiftyJSON */; };
		32D9DD9A2CD306BA0041E692 /* ClassModel.swift in Sources */ = {isa = PBXBuildFile; fileRef = 32D9DD992CD306BA0041E692 /* ClassModel.swift */; };
		32D9DD9C2CD306C50041E692 /* StructModel.swift in Sources */ = {isa = PBXBuildFile; fileRef = 32D9DD9B2CD306C50041E692 /* StructModel.swift */; };
/* End PBXBuildFile section */

/* Begin PBXFileReference section */
		32A0962B2CD4ACBF00E8F98A /* note.txt */ = {isa = PBXFileReference; lastKnownFileType = text; path = note.txt; sourceTree = "<group>"; };
		32A0962D2CD4D35D00E8F98A /* Demo.swift */ = {isa = PBXFileReference; lastKnownFileType = sourcecode.swift; path = Demo.swift; sourceTree = "<group>"; };
		32D9DD7E2CD304FA0041E692 /* lab12.app */ = {isa = PBXFileReference; explicitFileType = wrapper.application; includeInIndex = 0; path = lab12.app; sourceTree = BUILT_PRODUCTS_DIR; };
		32D9DD812CD304FA0041E692 /* AppDelegate.swift */ = {isa = PBXFileReference; lastKnownFileType = sourcecode.swift; path = AppDelegate.swift; sourceTree = "<group>"; };
		32D9DD832CD304FA0041E692 /* SceneDelegate.swift */ = {isa = PBXFileReference; lastKnownFileType = sourcecode.swift; path = SceneDelegate.swift; sourceTree = "<group>"; };
		32D9DD852CD304FA0041E692 /* ViewController.swift */ = {isa = PBXFileReference; lastKnownFileType = sourcecode.swift; path = ViewController.swift; sourceTree = "<group>"; };
		32D9DD882CD304FA0041E692 /* Base */ = {isa = PBXFileReference; lastKnownFileType = file.storyboard; name = Base; path = Base.lproj/Main.storyboard; sourceTree = "<group>"; };
		32D9DD8A2CD304FB0041E692 /* Assets.xcassets */ = {isa = PBXFileReference; lastKnownFileType = folder.assetcatalog; path = Assets.xcassets; sourceTree = "<group>"; };
		32D9DD8D2CD304FB0041E692 /* Base */ = {isa = PBXFileReference; lastKnownFileType = file.storyboard; name = Base; path = Base.lproj/LaunchScreen.storyboard; sourceTree = "<group>"; };
		32D9DD8F2CD304FB0041E692 /* Info.plist */ = {isa = PBXFileReference; lastKnownFileType = text.plist.xml; path = Info.plist; sourceTree = "<group>"; };
		32D9DD992CD306BA0041E692 /* ClassModel.swift */ = {isa = PBXFileReference; lastKnownFileType = sourcecode.swift; path = ClassModel.swift; sourceTree = "<group>"; };
		32D9DD9B2CD306C50041E692 /* StructModel.swift */ = {isa = PBXFileReference; lastKnownFileType = sourcecode.swift; path = StructModel.swift; sourceTree = "<group>"; };
/* End PBXFileReference section */

/* Begin PBXFrameworksBuildPhase section */
		32D9DD7B2CD304FA0041E692 /* Frameworks */ = {
			isa = PBXFrameworksBuildPhase;
			buildActionMask = 2147483647;
			files = (
				32D9DD972CD306760041E692 /* SwiftyJSON in Frameworks */,
			);
			runOnlyForDeploymentPostprocessing = 0;
		};
/* End PBXFrameworksBuildPhase section */

/* Begin PBXGroup section */
		32D9DD752CD304FA0041E692 = {
			isa = PBXGroup;
			children = (
				32D9DD802CD304FA0041E692 /* lab12 */,
				32D9DD7F2CD304FA0041E692 /* Products */,
			);
			sourceTree = "<group>";
		};
		32D9DD7F2CD304FA0041E692 /* Products */ = {
			isa = PBXGroup;
			children = (
				32D9DD7E2CD304FA0041E692 /* lab12.app */,
			);
			name = Products;
			sourceTree = "<group>";
		};
		32D9DD802CD304FA0041E692 /* lab12 */ = {
			isa = PBXGroup;
			children = (
				32D9DD982CD306A00041E692 /* Model */,
				32D9DD812CD304FA0041E692 /* AppDelegate.swift */,
				32D9DD832CD304FA0041E692 /* SceneDelegate.swift */,
				32D9DD852CD304FA0041E692 /* ViewController.swift */,
				32D9DD872CD304FA0041E692 /* Main.storyboard */,
				32D9DD8A2CD304FB0041E692 /* Assets.xcassets */,
				32D9DD8C2CD304FB0041E692 /* LaunchScreen.storyboard */,
				32D9DD8F2CD304FB0041E692 /* Info.plist */,
				32A0962B2CD4ACBF00E8F98A /* note.txt */,
				32A0962D2CD4D35D00E8F98A /* Demo.swift */,
			);
			path = lab12;
			sourceTree = "<group>";
		};
		32D9DD982CD306A00041E692 /* Model */ = {
			isa = PBXGroup;
			children = (
				32D9DD992CD306BA0041E692 /* ClassModel.swift */,
				32D9DD9B2CD306C50041E692 /* StructModel.swift */,
			);
			path = Model;
			sourceTree = "<group>";
		};
/* End PBXGroup section */

/* Begin PBXNativeTarget section */
		32D9DD7D2CD304FA0041E692 /* lab12 */ = {
			isa = PBXNativeTarget;
			buildConfigurationList = 32D9DD922CD304FB0041E692 /* Build configuration list for PBXNativeTarget "lab12" */;
			buildPhases = (
				32D9DD7A2CD304FA0041E692 /* Sources */,
				32D9DD7B2CD304FA0041E692 /* Frameworks */,
				32D9DD7C2CD304FA0041E692 /* Resources */,
			);
			buildRules = (
			);
			dependencies = (
			);
			name = lab12;
			packageProductDependencies = (
				32D9DD962CD306760041E692 /* SwiftyJSON */,
			);
			productName = lab12;
			productReference = 32D9DD7E2CD304FA0041E692 /* lab12.app */;
			productType = "com.apple.product-type.application";
		};
/* End PBXNativeTarget section */

/* Begin PBXProject section */
		32D9DD762CD304FA0041E692 /* Project object */ = {
			isa = PBXProject;
			attributes = {
				BuildIndependentTargetsInParallel = 1;
				LastSwiftUpdateCheck = 1500;
				LastUpgradeCheck = 1500;
				TargetAttributes = {
					32D9DD7D2CD304FA0041E692 = {
						CreatedOnToolsVersion = 15.0;
					};
				};
			};
			buildConfigurationList = 32D9DD792CD304FA0041E692 /* Build configuration list for PBXProject "lab12" */;
			compatibilityVersion = "Xcode 14.0";
			developmentRegion = en;
			hasScannedForEncodings = 0;
			knownRegions = (
				en,
				Base,
			);
			mainGroup = 32D9DD752CD304FA0041E692;
			packageReferences = (
				32D9DD952CD306760041E692 /* XCRemoteSwiftPackageReference "SwiftyJSON" */,
			);
			productRefGroup = 32D9DD7F2CD304FA0041E692 /* Products */;
			projectDirPath = "";
			projectRoot = "";
			targets = (
				32D9DD7D2CD304FA0041E692 /* lab12 */,
			);
		};
/* End PBXProject section */

/* Begin PBXResourcesBuildPhase section */
		32D9DD7C2CD304FA0041E692 /* Resources */ = {
			isa = PBXResourcesBuildPhase;
			buildActionMask = 2147483647;
			files = (
				32A0962C2CD4ACBF00E8F98A /* note.txt in Resources */,
				32D9DD8E2CD304FB0041E692 /* LaunchScreen.storyboard in Resources */,
				32D9DD8B2CD304FB0041E692 /* Assets.xcassets in Resources */,
				32D9DD892CD304FA0041E692 /* Main.storyboard in Resources */,
			);
			runOnlyForDeploymentPostprocessing = 0;
		};
/* End PBXResourcesBuildPhase section */

/* Begin PBXSourcesBuildPhase section */
		32D9DD7A2CD304FA0041E692 /* Sources */ = {
			isa = PBXSourcesBuildPhase;
			buildActionMask = 2147483647;
			files = (
				32D9DD9C2CD306C50041E692 /* StructModel.swift in Sources */,
				32D9DD862CD304FA0041E692 /* ViewController.swift in Sources */,
				32A0962E2CD4D35D00E8F98A /* Demo.swift in Sources */,
				32D9DD822CD304FA0041E692 /* AppDelegate.swift in Sources */,
				32D9DD9A2CD306BA0041E692 /* ClassModel.swift in Sources */,
				32D9DD842CD304FA0041E692 /* SceneDelegate.swift in Sources */,
			);
			runOnlyForDeploymentPostprocessing = 0;
		};
/* End PBXSourcesBuildPhase section */

/* Begin PBXVariantGroup section */
		32D9DD872CD304FA0041E692 /* Main.storyboard */ = {
			isa = PBXVariantGroup;
			children = (
				32D9DD882CD304FA0041E692 /* Base */,
			);
			name = Main.storyboard;
			sourceTree = "<group>";
		};
		32D9DD8C2CD304FB0041E692 /* LaunchScreen.storyboard */ = {
			isa = PBXVariantGroup;
			children = (
				32D9DD8D2CD304FB0041E692 /* Base */,
			);
			name = LaunchScreen.storyboard;
			sourceTree = "<group>";
		};
/* End PBXVariantGroup section */

/* Begin XCBuildConfiguration section */
		32D9DD902CD304FB0041E692 /* Debug */ = {
			isa = XCBuildConfiguration;
			buildSettings = {
				ALWAYS_SEARCH_USER_PATHS = NO;
				ASSETCATALOG_COMPILER_GENERATE_SWIFT_ASSET_SYMBOL_EXTENSIONS = YES;
				CLANG_ANALYZER_NONNULL = YES;
				CLANG_ANALYZER_NUMBER_OBJECT_CONVERSION = YES_AGGRESSIVE;
				CLANG_CXX_LANGUAGE_STANDARD = "gnu++20";
				CLANG_ENABLE_MODULES = YES;
				CLANG_ENABLE_OBJC_ARC = YES;
				CLANG_ENABLE_OBJC_WEAK = YES;
				CLANG_WARN_BLOCK_CAPTURE_AUTORELEASING = YES;
				CLANG_WARN_BOOL_CONVERSION = YES;
				CLANG_WARN_COMMA = YES;
				CLANG_WARN_CONSTANT_CONVERSION = YES;
				CLANG_WARN_DEPRECATED_OBJC_IMPLEMENTATIONS = YES;
				CLANG_WARN_DIRECT_OBJC_ISA_USAGE = YES_ERROR;
				CLANG_WARN_DOCUMENTATION_COMMENTS = YES;
				CLANG_WARN_EMPTY_BODY = YES;
				CLANG_WARN_ENUM_CONVERSION = YES;
				CLANG_WARN_INFINITE_RECURSION = YES;
				CLANG_WARN_INT_CONVERSION = YES;
				CLANG_WARN_NON_LITERAL_NULL_CONVERSION = YES;
				CLANG_WARN_OBJC_IMPLICIT_RETAIN_SELF = YES;
				CLANG_WARN_OBJC_LITERAL_CONVERSION = YES;
				CLANG_WARN_OBJC_ROOT_CLASS = YES_ERROR;
				CLANG_WARN_QUOTED_INCLUDE_IN_FRAMEWORK_HEADER = YES;
				CLANG_WARN_RANGE_LOOP_ANALYSIS = YES;
				CLANG_WARN_STRICT_PROTOTYPES = YES;
				CLANG_WARN_SUSPICIOUS_MOVE = YES;
				CLANG_WARN_UNGUARDED_AVAILABILITY = YES_AGGRESSIVE;
				CLANG_WARN_UNREACHABLE_CODE = YES;
				CLANG_WARN__DUPLICATE_METHOD_MATCH = YES;
				COPY_PHASE_STRIP = NO;
				DEBUG_INFORMATION_FORMAT = dwarf;
				ENABLE_STRICT_OBJC_MSGSEND = YES;
				ENABLE_TESTABILITY = YES;
				ENABLE_USER_SCRIPT_SANDBOXING = YES;
				GCC_C_LANGUAGE_STANDARD = gnu17;
				GCC_DYNAMIC_NO_PIC = NO;
				GCC_NO_COMMON_BLOCKS = YES;
				GCC_OPTIMIZATION_LEVEL = 0;
				GCC_PREPROCESSOR_DEFINITIONS = (
					"DEBUG=1",
					"$(inherited)",
				);
				GCC_WARN_64_TO_32_BIT_CONVERSION = YES;
				GCC_WARN_ABOUT_RETURN_TYPE = YES_ERROR;
				GCC_WARN_UNDECLARED_SELECTOR = YES;
				GCC_WARN_UNINITIALIZED_AUTOS = YES_AGGRESSIVE;
				GCC_WARN_UNUSED_FUNCTION = YES;
				GCC_WARN_UNUSED_VARIABLE = YES;
				IPHONEOS_DEPLOYMENT_TARGET = 17.0;
				LOCALIZATION_PREFERS_STRING_CATALOGS = YES;
				MTL_ENABLE_DEBUG_INFO = INCLUDE_SOURCE;
				MTL_FAST_MATH = YES;
				ONLY_ACTIVE_ARCH = YES;
				SDKROOT = iphoneos;
				SWIFT_ACTIVE_COMPILATION_CONDITIONS = "DEBUG $(inherited)";
				SWIFT_OPTIMIZATION_LEVEL = "-Onone";
			};
			name = Debug;
		};
		32D9DD912CD304FB0041E692 /* Release */ = {
			isa = XCBuildConfiguration;
			buildSettings = {
				ALWAYS_SEARCH_USER_PATHS = NO;
				ASSETCATALOG_COMPILER_GENERATE_SWIFT_ASSET_SYMBOL_EXTENSIONS = YES;
				CLANG_ANALYZER_NONNULL = YES;
				CLANG_ANALYZER_NUMBER_OBJECT_CONVERSION = YES_AGGRESSIVE;
				CLANG_CXX_LANGUAGE_STANDARD = "gnu++20";
				CLANG_ENABLE_MODULES = YES;
				CLANG_ENABLE_OBJC_ARC = YES;
				CLANG_ENABLE_OBJC_WEAK = YES;
				CLANG_WARN_BLOCK_CAPTURE_AUTORELEASING = YES;
				CLANG_WARN_BOOL_CONVERSION = YES;
				CLANG_WARN_COMMA = YES;
				CLANG_WARN_CONSTANT_CONVERSION = YES;
				CLANG_WARN_DEPRECATED_OBJC_IMPLEMENTATIONS = YES;
				CLANG_WARN_DIRECT_OBJC_ISA_USAGE = YES_ERROR;
				CLANG_WARN_DOCUMENTATION_COMMENTS = YES;
				CLANG_WARN_EMPTY_BODY = YES;
				CLANG_WARN_ENUM_CONVERSION = YES;
				CLANG_WARN_INFINITE_RECURSION = YES;
				CLANG_WARN_INT_CONVERSION = YES;
				CLANG_WARN_NON_LITERAL_NULL_CONVERSION = YES;
				CLANG_WARN_OBJC_IMPLICIT_RETAIN_SELF = YES;
				CLANG_WARN_OBJC_LITERAL_CONVERSION = YES;
				CLANG_WARN_OBJC_ROOT_CLASS = YES_ERROR;
				CLANG_WARN_QUOTED_INCLUDE_IN_FRAMEWORK_HEADER = YES;
				CLANG_WARN_RANGE_LOOP_ANALYSIS = YES;
				CLANG_WARN_STRICT_PROTOTYPES = YES;
				CLANG_WARN_SUSPICIOUS_MOVE = YES;
				CLANG_WARN_UNGUARDED_AVAILABILITY = YES_AGGRESSIVE;
				CLANG_WARN_UNREACHABLE_CODE = YES;
				CLANG_WARN__DUPLICATE_METHOD_MATCH = YES;
				COPY_PHASE_STRIP = NO;
				DEBUG_INFORMATION_FORMAT = "dwarf-with-dsym";
				ENABLE_NS_ASSERTIONS = NO;
				ENABLE_STRICT_OBJC_MSGSEND = YES;
				ENABLE_USER_SCRIPT_SANDBOXING = YES;
				GCC_C_LANGUAGE_STANDARD = gnu17;
				GCC_NO_COMMON_BLOCKS = YES;
				GCC_WARN_64_TO_32_BIT_CONVERSION = YES;
				GCC_WARN_ABOUT_RETURN_TYPE = YES_ERROR;
				GCC_WARN_UNDECLARED_SELECTOR = YES;
				GCC_WARN_UNINITIALIZED_AUTOS = YES_AGGRESSIVE;
				GCC_WARN_UNUSED_FUNCTION = YES;
				GCC_WARN_UNUSED_VARIABLE = YES;
				IPHONEOS_DEPLOYMENT_TARGET = 17.0;
				LOCALIZATION_PREFERS_STRING_CATALOGS = YES;
				MTL_ENABLE_DEBUG_INFO = NO;
				MTL_FAST_MATH = YES;
				SDKROOT = iphoneos;
				SWIFT_COMPILATION_MODE = wholemodule;
				VALIDATE_PRODUCT = YES;
			};
			name = Release;
		};
		32D9DD932CD304FB0041E692 /* Debug */ = {
			isa = XCBuildConfiguration;
			buildSettings = {
				ASSETCATALOG_COMPILER_APPICON_NAME = AppIcon;
				ASSETCATALOG_COMPILER_GLOBAL_ACCENT_COLOR_NAME = AccentColor;
				CODE_SIGN_STYLE = Automatic;
				CURRENT_PROJECT_VERSION = 1;
				DEVELOPMENT_TEAM = VE4B6ZGW6Y;
				GENERATE_INFOPLIST_FILE = YES;
				INFOPLIST_FILE = lab12/Info.plist;
				INFOPLIST_KEY_UIApplicationSupportsIndirectInputEvents = YES;
				INFOPLIST_KEY_UILaunchStoryboardName = LaunchScreen;
				INFOPLIST_KEY_UIMainStoryboardFile = Main;
				INFOPLIST_KEY_UISupportedInterfaceOrientations_iPad = "UIInterfaceOrientationPortrait UIInterfaceOrientationPortraitUpsideDown UIInterfaceOrientationLandscapeLeft UIInterfaceOrientationLandscapeRight";
				INFOPLIST_KEY_UISupportedInterfaceOrientations_iPhone = "UIInterfaceOrientationPortrait UIInterfaceOrientationLandscapeLeft UIInterfaceOrientationLandscapeRight";
				LD_RUNPATH_SEARCH_PATHS = (
					"$(inherited)",
					"@executable_path/Frameworks",
				);
				MARKETING_VERSION = 1.0;
				PRODUCT_BUNDLE_IDENTIFIER = com.thebv.lab12;
				PRODUCT_NAME = "$(TARGET_NAME)";
				SWIFT_EMIT_LOC_STRINGS = YES;
				SWIFT_VERSION = 5.0;
				TARGETED_DEVICE_FAMILY = "1,2";
			};
			name = Debug;
		};
		32D9DD942CD304FB0041E692 /* Release */ = {
			isa = XCBuildConfiguration;
			buildSettings = {
				ASSETCATALOG_COMPILER_APPICON_NAME = AppIcon;
				ASSETCATALOG_COMPILER_GLOBAL_ACCENT_COLOR_NAME = AccentColor;
				CODE_SIGN_STYLE = Automatic;
				CURRENT_PROJECT_VERSION = 1;
				DEVELOPMENT_TEAM = VE4B6ZGW6Y;
				GENERATE_INFOPLIST_FILE = YES;
				INFOPLIST_FILE = lab12/Info.plist;
				INFOPLIST_KEY_UIApplicationSupportsIndirectInputEvents = YES;
				INFOPLIST_KEY_UILaunchStoryboardName = LaunchScreen;
				INFOPLIST_KEY_UIMainStoryboardFile = Main;
				INFOPLIST_KEY_UISupportedInterfaceOrientations_iPad = "UIInterfaceOrientationPortrait UIInterfaceOrientationPortraitUpsideDown UIInterfaceOrientationLandscapeLeft UIInterfaceOrientationLandscapeRight";
				INFOPLIST_KEY_UISupportedInterfaceOrientations_iPhone = "UIInterfaceOrientationPortrait UIInterfaceOrientationLandscapeLeft UIInterfaceOrientationLandscapeRight";
				LD_RUNPATH_SEARCH_PATHS = (
					"$(inherited)",
					"@executable_path/Frameworks",
				);
				MARKETING_VERSION = 1.0;
				PRODUCT_BUNDLE_IDENTIFIER = com.thebv.lab12;
				PRODUCT_NAME = "$(TARGET_NAME)";
				SWIFT_EMIT_LOC_STRINGS = YES;
				SWIFT_VERSION = 5.0;
				TARGETED_DEVICE_FAMILY = "1,2";
			};
			name = Release;
		};
/* End XCBuildConfiguration section */

/* Begin XCConfigurationList section */
		32D9DD792CD304FA0041E692 /* Build configuration list for PBXProject "lab12" */ = {
			isa = XCConfigurationList;
			buildConfigurations = (
				32D9DD902CD304FB0041E692 /* Debug */,
				32D9DD912CD304FB0041E692 /* Release */,
			);
			defaultConfigurationIsVisible = 0;
			defaultConfigurationName = Release;
		};
		32D9DD922CD304FB0041E692 /* Build configuration list for PBXNativeTarget "lab12" */ = {
			isa = XCConfigurationList;
			buildConfigurations = (
				32D9DD932CD304FB0041E692 /* Debug */,
				32D9DD942CD304FB0041E692 /* Release */,
			);
			defaultConfigurationIsVisible = 0;
			defaultConfigurationName = Release;
		};
/* End XCConfigurationList section */

/* Begin XCRemoteSwiftPackageReference section */
		32D9DD952CD306760041E692 /* XCRemoteSwiftPackageReference "SwiftyJSON" */ = {
			isa = XCRemoteSwiftPackageReference;
			repositoryURL = "https://github.com/SwiftyJSON/SwiftyJSON.git";
			requirement = {
				kind = upToNextMajorVersion;
				minimumVersion = 5.0.2;
			};
		};
/* End XCRemoteSwiftPackageReference section */

/* Begin XCSwiftPackageProductDependency section */
		32D9DD962CD306760041E692 /* SwiftyJSON */ = {
			isa = XCSwiftPackageProductDependency;
			package = 32D9DD952CD306760041E692 /* XCRemoteSwiftPackageReference "SwiftyJSON" */;
			productName = SwiftyJSON;
		};
/* End XCSwiftPackageProductDependency section */
	};
	rootObject = 32D9DD762CD304FA0041E692 /* Project object */;
}
